
Microsoft Visual Studio Solution File, Format Version 12.00
# Visual Studio 15
VisualStudioVersion = 15.0.28010.2016
MinimumVisualStudioVersion = 10.0.40219.1
Project("{FAE04EC0-301F-11D3-BF4B-00C04F79EFBC}") = "Method635.App.Forms.Android", "Method635.App.Forms\Method635.App.Forms.Android\Method635.App.Forms.Android.csproj", "{43CF6F9F-F5BA-4258-A7A3-CFA71BD78AEE}"
EndProject
Project("{FAE04EC0-301F-11D3-BF4B-00C04F79EFBC}") = "Method635.App.Forms.iOS", "Method635.App.Forms\Method635.App.Forms.iOS\Method635.App.Forms.iOS.csproj", "{2370BCFD-E68B-4A6F-B66C-89D5FDA84952}"
EndProject
Project("{9A19103F-16F7-4668-BE54-9A1E7A4F7556}") = "Method635.App.Forms", "Method635.App.Forms\Method635.App.Forms\Method635.App.Forms.csproj", "{92FACFB9-CC8A-4D87-BDB8-D22EF5E95B9A}"
EndProject
Project("{FAE04EC0-301F-11D3-BF4B-00C04F79EFBC}") = "Method635.Test", "Method635.Test\Method635.Test.csproj", "{F762ADDE-FD90-4749-8AB4-3EF97CEFB736}"
EndProject
Global
	GlobalSection(SolutionConfigurationPlatforms) = preSolution
		Ad-Hoc|Any CPU = Ad-Hoc|Any CPU
		Ad-Hoc|iPhone = Ad-Hoc|iPhone
		Ad-Hoc|iPhoneSimulator = Ad-Hoc|iPhoneSimulator
		AppStore|Any CPU = AppStore|Any CPU
		AppStore|iPhone = AppStore|iPhone
		AppStore|iPhoneSimulator = AppStore|iPhoneSimulator
		Debug|Any CPU = Debug|Any CPU
		Debug|iPhone = Debug|iPhone
		Debug|iPhoneSimulator = Debug|iPhoneSimulator
		Release|Any CPU = Release|Any CPU
		Release|iPhone = Release|iPhone
		Release|iPhoneSimulator = Release|iPhoneSimulator
	EndGlobalSection
	GlobalSection(ProjectConfigurationPlatforms) = postSolution
		{43CF6F9F-F5BA-4258-A7A3-CFA71BD78AEE}.Ad-Hoc|Any CPU.ActiveCfg = Release|Any CPU
		{43CF6F9F-F5BA-4258-A7A3-CFA71BD78AEE}.Ad-Hoc|Any CPU.Build.0 = Release|Any CPU
		{43CF6F9F-F5BA-4258-A7A3-CFA71BD78AEE}.Ad-Hoc|Any CPU.Deploy.0 = Release|Any CPU
		{43CF6F9F-F5BA-4258-A7A3-CFA71BD78AEE}.Ad-Hoc|iPhone.ActiveCfg = Release|Any CPU
		{43CF6F9F-F5BA-4258-A7A3-CFA71BD78AEE}.Ad-Hoc|iPhone.Build.0 = Release|Any CPU
		{43CF6F9F-F5BA-4258-A7A3-CFA71BD78AEE}.Ad-Hoc|iPhone.Deploy.0 = Release|Any CPU
		{43CF6F9F-F5BA-4258-A7A3-CFA71BD78AEE}.Ad-Hoc|iPhoneSimulator.ActiveCfg = Release|Any CPU
		{43CF6F9F-F5BA-4258-A7A3-CFA71BD78AEE}.Ad-Hoc|iPhoneSimulator.Build.0 = Release|Any CPU
		{43CF6F9F-F5BA-4258-A7A3-CFA71BD78AEE}.Ad-Hoc|iPhoneSimulator.Deploy.0 = Release|Any CPU
		{43CF6F9F-F5BA-4258-A7A3-CFA71BD78AEE}.AppStore|Any CPU.ActiveCfg = Release|Any CPU
		{43CF6F9F-F5BA-4258-A7A3-CFA71BD78AEE}.AppStore|Any CPU.Build.0 = Release|Any CPU
		{43CF6F9F-F5BA-4258-A7A3-CFA71BD78AEE}.AppStore|Any CPU.Deploy.0 = Release|Any CPU
		{43CF6F9F-F5BA-4258-A7A3-CFA71BD78AEE}.AppStore|iPhone.ActiveCfg = Release|Any CPU
		{43CF6F9F-F5BA-4258-A7A3-CFA71BD78AEE}.AppStore|iPhone.Build.0 = Release|Any CPU
		{43CF6F9F-F5BA-4258-A7A3-CFA71BD78AEE}.AppStore|iPhone.Deploy.0 = Release|Any CPU
		{43CF6F9F-F5BA-4258-A7A3-CFA71BD78AEE}.AppStore|iPhoneSimulator.ActiveCfg = Release|Any CPU
		{43CF6F9F-F5BA-4258-A7A3-CFA71BD78AEE}.AppStore|iPhoneSimulator.Build.0 = Release|Any CPU
		{43CF6F9F-F5BA-4258-A7A3-CFA71BD78AEE}.AppStore|iPhoneSimulator.Deploy.0 = Release|Any CPU
		{43CF6F9F-F5BA-4258-A7A3-CFA71BD78AEE}.Debug|Any CPU.ActiveCfg = Debug|Any CPU
		{43CF6F9F-F5BA-4258-A7A3-CFA71BD78AEE}.Debug|Any CPU.Build.0 = Debug|Any CPU
		{43CF6F9F-F5BA-4258-A7A3-CFA71BD78AEE}.Debug|Any CPU.Deploy.0 = Debug|Any CPU
		{43CF6F9F-F5BA-4258-A7A3-CFA71BD78AEE}.Debug|iPhone.ActiveCfg = Debug|Any CPU
		{43CF6F9F-F5BA-4258-A7A3-CFA71BD78AEE}.Debug|iPhone.Build.0 = Debug|Any CPU
		{43CF6F9F-F5BA-4258-A7A3-CFA71BD78AEE}.Debug|iPhone.Deploy.0 = Debug|Any CPU
		{43CF6F9F-F5BA-4258-A7A3-CFA71BD78AEE}.Debug|iPhoneSimulator.ActiveCfg = Debug|Any CPU
		{43CF6F9F-F5BA-4258-A7A3-CFA71BD78AEE}.Debug|iPhoneSimulator.Build.0 = Debug|Any CPU
		{43CF6F9F-F5BA-4258-A7A3-CFA71BD78AEE}.Debug|iPhoneSimulator.Deploy.0 = Debug|Any CPU
		{43CF6F9F-F5BA-4258-A7A3-CFA71BD78AEE}.Release|Any CPU.ActiveCfg = Release|Any CPU
		{43CF6F9F-F5BA-4258-A7A3-CFA71BD78AEE}.Release|Any CPU.Build.0 = Release|Any CPU
		{43CF6F9F-F5BA-4258-A7A3-CFA71BD78AEE}.Release|Any CPU.Deploy.0 = Release|Any CPU
		{43CF6F9F-F5BA-4258-A7A3-CFA71BD78AEE}.Release|iPhone.ActiveCfg = Release|Any CPU
		{43CF6F9F-F5BA-4258-A7A3-CFA71BD78AEE}.Release|iPhone.Build.0 = Release|Any CPU
		{43CF6F9F-F5BA-4258-A7A3-CFA71BD78AEE}.Release|iPhone.Deploy.0 = Release|Any CPU
		{43CF6F9F-F5BA-4258-A7A3-CFA71BD78AEE}.Release|iPhoneSimulator.ActiveCfg = Release|Any CPU
		{43CF6F9F-F5BA-4258-A7A3-CFA71BD78AEE}.Release|iPhoneSimulator.Build.0 = Release|Any CPU
		{43CF6F9F-F5BA-4258-A7A3-CFA71BD78AEE}.Release|iPhoneSimulator.Deploy.0 = Release|Any CPU
		{2370BCFD-E68B-4A6F-B66C-89D5FDA84952}.Ad-Hoc|Any CPU.ActiveCfg = Ad-Hoc|iPhone
		{2370BCFD-E68B-4A6F-B66C-89D5FDA84952}.Ad-Hoc|Any CPU.Build.0 = Ad-Hoc|iPhone
		{2370BCFD-E68B-4A6F-B66C-89D5FDA84952}.Ad-Hoc|Any CPU.Deploy.0 = Ad-Hoc|iPhone
		{2370BCFD-E68B-4A6F-B66C-89D5FDA84952}.Ad-Hoc|iPhone.ActiveCfg = Ad-Hoc|iPhone
		{2370BCFD-E68B-4A6F-B66C-89D5FDA84952}.Ad-Hoc|iPhone.Build.0 = Ad-Hoc|iPhone
		{2370BCFD-E68B-4A6F-B66C-89D5FDA84952}.Ad-Hoc|iPhone.Deploy.0 = Ad-Hoc|iPhone
		{2370BCFD-E68B-4A6F-B66C-89D5FDA84952}.Ad-Hoc|iPhoneSimulator.ActiveCfg = Ad-Hoc|iPhoneSimulator
		{2370BCFD-E68B-4A6F-B66C-89D5FDA84952}.Ad-Hoc|iPhoneSimulator.Build.0 = Ad-Hoc|iPhoneSimulator
		{2370BCFD-E68B-4A6F-B66C-89D5FDA84952}.Ad-Hoc|iPhoneSimulator.Deploy.0 = Ad-Hoc|iPhoneSimulator
		{2370BCFD-E68B-4A6F-B66C-89D5FDA84952}.AppStore|Any CPU.ActiveCfg = AppStore|iPhone
		{2370BCFD-E68B-4A6F-B66C-89D5FDA84952}.AppStore|Any CPU.Build.0 = AppStore|iPhone
		{2370BCFD-E68B-4A6F-B66C-89D5FDA84952}.AppStore|Any CPU.Deploy.0 = AppStore|iPhone
		{2370BCFD-E68B-4A6F-B66C-89D5FDA84952}.AppStore|iPhone.ActiveCfg = AppStore|iPhone
		{2370BCFD-E68B-4A6F-B66C-89D5FDA84952}.AppStore|iPhone.Build.0 = AppStore|iPhone
		{2370BCFD-E68B-4A6F-B66C-89D5FDA84952}.AppStore|iPhone.Deploy.0 = AppStore|iPhone
		{2370BCFD-E68B-4A6F-B66C-89D5FDA84952}.AppStore|iPhoneSimulator.ActiveCfg = AppStore|iPhoneSimulator
		{2370BCFD-E68B-4A6F-B66C-89D5FDA84952}.AppStore|iPhoneSimulator.Build.0 = AppStore|iPhoneSimulator
		{2370BCFD-E68B-4A6F-B66C-89D5FDA84952}.AppStore|iPhoneSimulator.Deploy.0 = AppStore|iPhoneSimulator
		{2370BCFD-E68B-4A6F-B66C-89D5FDA84952}.Debug|Any CPU.ActiveCfg = Debug|iPhoneSimulator
		{2370BCFD-E68B-4A6F-B66C-89D5FDA84952}.Debug|Any CPU.Build.0 = Debug|iPhoneSimulator
		{2370BCFD-E68B-4A6F-B66C-89D5FDA84952}.Debug|Any CPU.Deploy.0 = Debug|iPhoneSimulator
		{2370BCFD-E68B-4A6F-B66C-89D5FDA84952}.Debug|iPhone.ActiveCfg = Debug|iPhone
		{2370BCFD-E68B-4A6F-B66C-89D5FDA84952}.Debug|iPhone.Build.0 = Debug|iPhone
		{2370BCFD-E68B-4A6F-B66C-89D5FDA84952}.Debug|iPhone.Deploy.0 = Debug|iPhone
		{2370BCFD-E68B-4A6F-B66C-89D5FDA84952}.Debug|iPhoneSimulator.ActiveCfg = Debug|iPhoneSimulator
		{2370BCFD-E68B-4A6F-B66C-89D5FDA84952}.Debug|iPhoneSimulator.Build.0 = Debug|iPhoneSimulator
		{2370BCFD-E68B-4A6F-B66C-89D5FDA84952}.Debug|iPhoneSimulator.Deploy.0 = Debug|iPhoneSimulator
		{2370BCFD-E68B-4A6F-B66C-89D5FDA84952}.Release|Any CPU.ActiveCfg = Release|iPhone
		{2370BCFD-E68B-4A6F-B66C-89D5FDA84952}.Release|Any CPU.Build.0 = Release|iPhone
		{2370BCFD-E68B-4A6F-B66C-89D5FDA84952}.Release|Any CPU.Deploy.0 = Release|iPhone
		{2370BCFD-E68B-4A6F-B66C-89D5FDA84952}.Release|iPhone.ActiveCfg = Release|iPhone
		{2370BCFD-E68B-4A6F-B66C-89D5FDA84952}.Release|iPhone.Build.0 = Release|iPhone
		{2370BCFD-E68B-4A6F-B66C-89D5FDA84952}.Release|iPhone.Deploy.0 = Release|iPhone
		{2370BCFD-E68B-4A6F-B66C-89D5FDA84952}.Release|iPhoneSimulator.ActiveCfg = Release|iPhoneSimulator
		{2370BCFD-E68B-4A6F-B66C-89D5FDA84952}.Release|iPhoneSimulator.Build.0 = Release|iPhoneSimulator
		{2370BCFD-E68B-4A6F-B66C-89D5FDA84952}.Release|iPhoneSimulator.Deploy.0 = Release|iPhoneSimulator
		{92FACFB9-CC8A-4D87-BDB8-D22EF5E95B9A}.Ad-Hoc|Any CPU.ActiveCfg = Debug|Any CPU
		{92FACFB9-CC8A-4D87-BDB8-D22EF5E95B9A}.Ad-Hoc|Any CPU.Build.0 = Debug|Any CPU
		{92FACFB9-CC8A-4D87-BDB8-D22EF5E95B9A}.Ad-Hoc|Any CPU.Deploy.0 = Debug|Any CPU
		{92FACFB9-CC8A-4D87-BDB8-D22EF5E95B9A}.Ad-Hoc|iPhone.ActiveCfg = Debug|Any CPU
		{92FACFB9-CC8A-4D87-BDB8-D22EF5E95B9A}.Ad-Hoc|iPhone.Build.0 = Debug|Any CPU
		{92FACFB9-CC8A-4D87-BDB8-D22EF5E95B9A}.Ad-Hoc|iPhone.Deploy.0 = Debug|Any CPU
		{92FACFB9-CC8A-4D87-BDB8-D22EF5E95B9A}.Ad-Hoc|iPhoneSimulator.ActiveCfg = Debug|Any CPU
		{92FACFB9-CC8A-4D87-BDB8-D22EF5E95B9A}.Ad-Hoc|iPhoneSimulator.Build.0 = Debug|Any CPU
		{92FACFB9-CC8A-4D87-BDB8-D22EF5E95B9A}.Ad-Hoc|iPhoneSimulator.Deploy.0 = Debug|Any CPU
		{92FACFB9-CC8A-4D87-BDB8-D22EF5E95B9A}.AppStore|Any CPU.ActiveCfg = Debug|Any CPU
		{92FACFB9-CC8A-4D87-BDB8-D22EF5E95B9A}.AppStore|Any CPU.Build.0 = Debug|Any CPU
		{92FACFB9-CC8A-4D87-BDB8-D22EF5E95B9A}.AppStore|Any CPU.Deploy.0 = Debug|Any CPU
		{92FACFB9-CC8A-4D87-BDB8-D22EF5E95B9A}.AppStore|iPhone.ActiveCfg = Debug|Any CPU
		{92FACFB9-CC8A-4D87-BDB8-D22EF5E95B9A}.AppStore|iPhone.Build.0 = Debug|Any CPU
		{92FACFB9-CC8A-4D87-BDB8-D22EF5E95B9A}.AppStore|iPhone.Deploy.0 = Debug|Any CPU
		{92FACFB9-CC8A-4D87-BDB8-D22EF5E95B9A}.AppStore|iPhoneSimulator.ActiveCfg = Debug|Any CPU
		{92FACFB9-CC8A-4D87-BDB8-D22EF5E95B9A}.AppStore|iPhoneSimulator.Build.0 = Debug|Any CPU
		{92FACFB9-CC8A-4D87-BDB8-D22EF5E95B9A}.AppStore|iPhoneSimulator.Deploy.0 = Debug|Any CPU
		{92FACFB9-CC8A-4D87-BDB8-D22EF5E95B9A}.Debug|Any CPU.ActiveCfg = Debug|Any CPU
		{92FACFB9-CC8A-4D87-BDB8-D22EF5E95B9A}.Debug|Any CPU.Build.0 = Debug|Any CPU
		{92FACFB9-CC8A-4D87-BDB8-D22EF5E95B9A}.Debug|Any CPU.Deploy.0 = Debug|Any CPU
		{92FACFB9-CC8A-4D87-BDB8-D22EF5E95B9A}.Debug|iPhone.ActiveCfg = Debug|Any CPU
		{92FACFB9-CC8A-4D87-BDB8-D22EF5E95B9A}.Debug|iPhone.Build.0 = Debug|Any CPU
		{92FACFB9-CC8A-4D87-BDB8-D22EF5E95B9A}.Debug|iPhone.Deploy.0 = Debug|Any CPU
		{92FACFB9-CC8A-4D87-BDB8-D22EF5E95B9A}.Debug|iPhoneSimulator.ActiveCfg = Debug|Any CPU
		{92FACFB9-CC8A-4D87-BDB8-D22EF5E95B9A}.Debug|iPhoneSimulator.Build.0 = Debug|Any CPU
		{92FACFB9-CC8A-4D87-BDB8-D22EF5E95B9A}.Debug|iPhoneSimulator.Deploy.0 = Debug|Any CPU
		{92FACFB9-CC8A-4D87-BDB8-D22EF5E95B9A}.Release|Any CPU.ActiveCfg = Release|Any CPU
		{92FACFB9-CC8A-4D87-BDB8-D22EF5E95B9A}.Release|Any CPU.Build.0 = Release|Any CPU
		{92FACFB9-CC8A-4D87-BDB8-D22EF5E95B9A}.Release|Any CPU.Deploy.0 = Release|Any CPU
		{92FACFB9-CC8A-4D87-BDB8-D22EF5E95B9A}.Release|iPhone.ActiveCfg = Release|Any CPU
		{92FACFB9-CC8A-4D87-BDB8-D22EF5E95B9A}.Release|iPhone.Build.0 = Release|Any CPU
		{92FACFB9-CC8A-4D87-BDB8-D22EF5E95B9A}.Release|iPhone.Deploy.0 = Release|Any CPU
		{92FACFB9-CC8A-4D87-BDB8-D22EF5E95B9A}.Release|iPhoneSimulator.ActiveCfg = Release|Any CPU
		{92FACFB9-CC8A-4D87-BDB8-D22EF5E95B9A}.Release|iPhoneSimulator.Build.0 = Release|Any CPU
		{92FACFB9-CC8A-4D87-BDB8-D22EF5E95B9A}.Release|iPhoneSimulator.Deploy.0 = Release|Any CPU
		{F762ADDE-FD90-4749-8AB4-3EF97CEFB736}.Ad-Hoc|Any CPU.ActiveCfg = Debug|Any CPU
		{F762ADDE-FD90-4749-8AB4-3EF97CEFB736}.Ad-Hoc|Any CPU.Build.0 = Debug|Any CPU
		{F762ADDE-FD90-4749-8AB4-3EF97CEFB736}.Ad-Hoc|iPhone.ActiveCfg = Debug|Any CPU
		{F762ADDE-FD90-4749-8AB4-3EF97CEFB736}.Ad-Hoc|iPhone.Build.0 = Debug|Any CPU
		{F762ADDE-FD90-4749-8AB4-3EF97CEFB736}.Ad-Hoc|iPhoneSimulator.ActiveCfg = Debug|Any CPU
		{F762ADDE-FD90-4749-8AB4-3EF97CEFB736}.Ad-Hoc|iPhoneSimulator.Build.0 = Debug|Any CPU
		{F762ADDE-FD90-4749-8AB4-3EF97CEFB736}.AppStore|Any CPU.ActiveCfg = Debug|Any CPU
		{F762ADDE-FD90-4749-8AB4-3EF97CEFB736}.AppStore|Any CPU.Build.0 = Debug|Any CPU
		{F762ADDE-FD90-4749-8AB4-3EF97CEFB736}.AppStore|iPhone.ActiveCfg = Debug|Any CPU
		{F762ADDE-FD90-4749-8AB4-3EF97CEFB736}.AppStore|iPhone.Build.0 = Debug|Any CPU
		{F762ADDE-FD90-4749-8AB4-3EF97CEFB736}.AppStore|iPhoneSimulator.ActiveCfg = Debug|Any CPU
		{F762ADDE-FD90-4749-8AB4-3EF97CEFB736}.AppStore|iPhoneSimulator.Build.0 = Debug|Any CPU
		{F762ADDE-FD90-4749-8AB4-3EF97CEFB736}.Debug|Any CPU.ActiveCfg = Debug|Any CPU
		{F762ADDE-FD90-4749-8AB4-3EF97CEFB736}.Debug|Any CPU.Build.0 = Debug|Any CPU
		{F762ADDE-FD90-4749-8AB4-3EF97CEFB736}.Debug|iPhone.ActiveCfg = Debug|Any CPU
		{F762ADDE-FD90-4749-8AB4-3EF97CEFB736}.Debug|iPhone.Build.0 = Debug|Any CPU
		{F762ADDE-FD90-4749-8AB4-3EF97CEFB736}.Debug|iPhoneSimulator.ActiveCfg = Debug|Any CPU
		{F762ADDE-FD90-4749-8AB4-3EF97CEFB736}.Debug|iPhoneSimulator.Build.0 = Debug|Any CPU
		{F762ADDE-FD90-4749-8AB4-3EF97CEFB736}.Release|Any CPU.ActiveCfg = Release|Any CPU
		{F762ADDE-FD90-4749-8AB4-3EF97CEFB736}.Release|Any CPU.Build.0 = Release|Any CPU
		{F762ADDE-FD90-4749-8AB4-3EF97CEFB736}.Release|iPhone.ActiveCfg = Release|Any CPU
		{F762ADDE-FD90-4749-8AB4-3EF97CEFB736}.Release|iPhone.Build.0 = Release|Any CPU
		{F762ADDE-FD90-4749-8AB4-3EF97CEFB736}.Release|iPhoneSimulator.ActiveCfg = Release|Any CPU
		{F762ADDE-FD90-4749-8AB4-3EF97CEFB736}.Release|iPhoneSimulator.Build.0 = Release|Any CPU
	EndGlobalSection
	GlobalSection(SolutionProperties) = preSolution
		HideSolutionNode = FALSE
	EndGlobalSection
	GlobalSection(ExtensibilityGlobals) = postSolution
		SolutionGuid = {CC0124D1-A1A0-4316-B523-E442F6C4CBE8}
	EndGlobalSection
EndGlobal
